
Microsoft Visual Studio Solution File, Format Version 12.00
# Visual Studio Version 17
VisualStudioVersion = 17.10.34928.147
MinimumVisualStudioVersion = 10.0.40219.1
Project("{9A19103F-16F7-4668-BE54-9A1E7A4F7556}") = "API", "API\API.csproj", "{ECDA455F-72C1-4468-B57E-5A9187F0602C}"
EndProject
Project("{9A19103F-16F7-4668-BE54-9A1E7A4F7556}") = "App", "App\App.csproj", "{B6BC060D-8F9D-438B-821C-56C801764CF5}"
EndProject
Project("{FAE04EC0-301F-11D3-BF4B-00C04F79EFBC}") = "Logger", "Logger\Logger.csproj", "{076EE3C5-BDB3-4353-8FBE-5B2FCF9E4CC9}"
EndProject
Project("{FAE04EC0-301F-11D3-BF4B-00C04F79EFBC}") = "Compiler", "Compiler\Compiler.csproj", "{1FCD2110-18A7-411F-86F8-2BF46B1D8F20}"
EndProject
Global
	GlobalSection(SolutionConfigurationPlatforms) = preSolution
		Debug|Any CPU = Debug|Any CPU
		Release|Any CPU = Release|Any CPU
	EndGlobalSection
	GlobalSection(ProjectConfigurationPlatforms) = postSolution
		{ECDA455F-72C1-4468-B57E-5A9187F0602C}.Debug|Any CPU.ActiveCfg = Debug|Any CPU
		{ECDA455F-72C1-4468-B57E-5A9187F0602C}.Debug|Any CPU.Build.0 = Debug|Any CPU
		{ECDA455F-72C1-4468-B57E-5A9187F0602C}.Release|Any CPU.ActiveCfg = Release|Any CPU
		{ECDA455F-72C1-4468-B57E-5A9187F0602C}.Release|Any CPU.Build.0 = Release|Any CPU
		{B6BC060D-8F9D-438B-821C-56C801764CF5}.Debug|Any CPU.ActiveCfg = Debug|Any CPU
		{B6BC060D-8F9D-438B-821C-56C801764CF5}.Debug|Any CPU.Build.0 = Debug|Any CPU
		{B6BC060D-8F9D-438B-821C-56C801764CF5}.Release|Any CPU.ActiveCfg = Release|Any CPU
		{B6BC060D-8F9D-438B-821C-56C801764CF5}.Release|Any CPU.Build.0 = Release|Any CPU
		{076EE3C5-BDB3-4353-8FBE-5B2FCF9E4CC9}.Debug|Any CPU.ActiveCfg = Debug|Any CPU
		{076EE3C5-BDB3-4353-8FBE-5B2FCF9E4CC9}.Debug|Any CPU.Build.0 = Debug|Any CPU
		{076EE3C5-BDB3-4353-8FBE-5B2FCF9E4CC9}.Release|Any CPU.ActiveCfg = Release|Any CPU
		{076EE3C5-BDB3-4353-8FBE-5B2FCF9E4CC9}.Release|Any CPU.Build.0 = Release|Any CPU
		{1FCD2110-18A7-411F-86F8-2BF46B1D8F20}.Debug|Any CPU.ActiveCfg = Debug|Any CPU
		{1FCD2110-18A7-411F-86F8-2BF46B1D8F20}.Debug|Any CPU.Build.0 = Debug|Any CPU
		{1FCD2110-18A7-411F-86F8-2BF46B1D8F20}.Release|Any CPU.ActiveCfg = Release|Any CPU
		{1FCD2110-18A7-411F-86F8-2BF46B1D8F20}.Release|Any CPU.Build.0 = Release|Any CPU
	EndGlobalSection
	GlobalSection(SolutionProperties) = preSolution
		HideSolutionNode = FALSE
	EndGlobalSection
	GlobalSection(ExtensibilityGlobals) = postSolution
		SolutionGuid = {CD7D98E0-6C5A-419A-B8B8-B395CAE5E7AC}
	EndGlobalSection
EndGlobal
